// !$*UTF8*$!
{
	archiveVersion = 1;
	classes = {
	};
	objectVersion = 46;
	objects = {

/* Begin PBXBuildFile section */
		F0B574721BFB6BE50073C5F8 /* MainCollectionViewCell.m in Sources */ = {isa = PBXBuildFile; fileRef = F0B574701BFB6BE50073C5F8 /* MainCollectionViewCell.m */; };
		F0B574731BFB6BE50073C5F8 /* MainCollectionViewCell.xib in Resources */ = {isa = PBXBuildFile; fileRef = F0B574711BFB6BE50073C5F8 /* MainCollectionViewCell.xib */; };
		F0C7C6BE1BFA1EBE009B582E /* main.m in Sources */ = {isa = PBXBuildFile; fileRef = F0C7C6BD1BFA1EBE009B582E /* main.m */; };
		F0C7C6C11BFA1EBE009B582E /* AppDelegate.m in Sources */ = {isa = PBXBuildFile; fileRef = F0C7C6C01BFA1EBE009B582E /* AppDelegate.m */; };
		F0C7C6C91BFA1EBE009B582E /* Assets.xcassets in Resources */ = {isa = PBXBuildFile; fileRef = F0C7C6C81BFA1EBE009B582E /* Assets.xcassets */; };
		F0C7C6CC1BFA1EBE009B582E /* LaunchScreen.storyboard in Resources */ = {isa = PBXBuildFile; fileRef = F0C7C6CA1BFA1EBE009B582E /* LaunchScreen.storyboard */; };
		F0C7C6D71BFA1EBE009B582E /* UICollectionTagsTests.m in Sources */ = {isa = PBXBuildFile; fileRef = F0C7C6D61BFA1EBE009B582E /* UICollectionTagsTests.m */; };
		F0C7C6E21BFA1EBF009B582E /* UICollectionTagsUITests.m in Sources */ = {isa = PBXBuildFile; fileRef = F0C7C6E11BFA1EBF009B582E /* UICollectionTagsUITests.m */; };
		F0C7C6F11BFA1EEB009B582E /* MainTableViewController.m in Sources */ = {isa = PBXBuildFile; fileRef = F0C7C6F01BFA1EEB009B582E /* MainTableViewController.m */; };
		F0C7C6F91BFA3C65009B582E /* Main.storyboard in Resources */ = {isa = PBXBuildFile; fileRef = F0C7C6F71BFA3C65009B582E /* Main.storyboard */; };
		F0C7C6FD1BFA3CDD009B582E /* MainTableViewCell.m in Sources */ = {isa = PBXBuildFile; fileRef = F0C7C6FB1BFA3CDD009B582E /* MainTableViewCell.m */; };
		F0C7C6FE1BFA3CDD009B582E /* MainTableViewCell.xib in Resources */ = {isa = PBXBuildFile; fileRef = F0C7C6FC1BFA3CDD009B582E /* MainTableViewCell.xib */; };
/* End PBXBuildFile section */

/* Begin PBXContainerItemProxy section */
		F0C7C6D31BFA1EBE009B582E /* PBXContainerItemProxy */ = {
			isa = PBXContainerItemProxy;
			containerPortal = F0C7C6B11BFA1EBE009B582E /* Project object */;
			proxyType = 1;
			remoteGlobalIDString = F0C7C6B81BFA1EBE009B582E;
			remoteInfo = UICollectionTags;
		};
		F0C7C6DE1BFA1EBF009B582E /* PBXContainerItemProxy */ = {
			isa = PBXContainerItemProxy;
			containerPortal = F0C7C6B11BFA1EBE009B582E /* Project object */;
			proxyType = 1;
			remoteGlobalIDString = F0C7C6B81BFA1EBE009B582E;
			remoteInfo = UICollectionTags;
		};
/* End PBXContainerItemProxy section */

/* Begin PBXFileReference section */
		F0B5746F1BFB6BE50073C5F8 /* MainCollectionViewCell.h */ = {isa = PBXFileReference; fileEncoding = 4; lastKnownFileType = sourcecode.c.h; path = MainCollectionViewCell.h; sourceTree = "<group>"; };
		F0B574701BFB6BE50073C5F8 /* MainCollectionViewCell.m */ = {isa = PBXFileReference; fileEncoding = 4; lastKnownFileType = sourcecode.c.objc; path = MainCollectionViewCell.m; sourceTree = "<group>"; };
		F0B574711BFB6BE50073C5F8 /* MainCollectionViewCell.xib */ = {isa = PBXFileReference; fileEncoding = 4; lastKnownFileType = file.xib; path = MainCollectionViewCell.xib; sourceTree = "<group>"; };
		F0C7C6B91BFA1EBE009B582E /* UICollectionTags.app */ = {isa = PBXFileReference; explicitFileType = wrapper.application; includeInIndex = 0; path = UICollectionTags.app; sourceTree = BUILT_PRODUCTS_DIR; };
		F0C7C6BD1BFA1EBE009B582E /* main.m */ = {isa = PBXFileReference; lastKnownFileType = sourcecode.c.objc; path = main.m; sourceTree = "<group>"; };
		F0C7C6BF1BFA1EBE009B582E /* AppDelegate.h */ = {isa = PBXFileReference; lastKnownFileType = sourcecode.c.h; path = AppDelegate.h; sourceTree = "<group>"; };
		F0C7C6C01BFA1EBE009B582E /* AppDelegate.m */ = {isa = PBXFileReference; lastKnownFileType = sourcecode.c.objc; path = AppDelegate.m; sourceTree = "<group>"; };
		F0C7C6C81BFA1EBE009B582E /* Assets.xcassets */ = {isa = PBXFileReference; lastKnownFileType = folder.assetcatalog; path = Assets.xcassets; sourceTree = "<group>"; };
		F0C7C6CB1BFA1EBE009B582E /* Base */ = {isa = PBXFileReference; lastKnownFileType = file.storyboard; name = Base; path = Base.lproj/LaunchScreen.storyboard; sourceTree = "<group>"; };
		F0C7C6CD1BFA1EBE009B582E /* Info.plist */ = {isa = PBXFileReference; lastKnownFileType = text.plist.xml; path = Info.plist; sourceTree = "<group>"; };
		F0C7C6D21BFA1EBE009B582E /* UICollectionTagsTests.xctest */ = {isa = PBXFileReference; explicitFileType = wrapper.cfbundle; includeInIndex = 0; path = UICollectionTagsTests.xctest; sourceTree = BUILT_PRODUCTS_DIR; };
		F0C7C6D61BFA1EBE009B582E /* UICollectionTagsTests.m */ = {isa = PBXFileReference; lastKnownFileType = sourcecode.c.objc; path = UICollectionTagsTests.m; sourceTree = "<group>"; };
		F0C7C6D81BFA1EBE009B582E /* Info.plist */ = {isa = PBXFileReference; lastKnownFileType = text.plist.xml; path = Info.plist; sourceTree = "<group>"; };
		F0C7C6DD1BFA1EBF009B582E /* UICollectionTagsUITests.xctest */ = {isa = PBXFileReference; explicitFileType = wrapper.cfbundle; includeInIndex = 0; path = UICollectionTagsUITests.xctest; sourceTree = BUILT_PRODUCTS_DIR; };
		F0C7C6E11BFA1EBF009B582E /* UICollectionTagsUITests.m */ = {isa = PBXFileReference; lastKnownFileType = sourcecode.c.objc; path = UICollectionTagsUITests.m; sourceTree = "<group>"; };
		F0C7C6E31BFA1EBF009B582E /* Info.plist */ = {isa = PBXFileReference; lastKnownFileType = text.plist.xml; path = Info.plist; sourceTree = "<group>"; };
		F0C7C6EF1BFA1EEB009B582E /* MainTableViewController.h */ = {isa = PBXFileReference; fileEncoding = 4; lastKnownFileType = sourcecode.c.h; path = MainTableViewController.h; sourceTree = "<group>"; };
		F0C7C6F01BFA1EEB009B582E /* MainTableViewController.m */ = {isa = PBXFileReference; fileEncoding = 4; lastKnownFileType = sourcecode.c.objc; path = MainTableViewController.m; sourceTree = "<group>"; };
		F0C7C6F81BFA3C65009B582E /* Base */ = {isa = PBXFileReference; lastKnownFileType = file.storyboard; name = Base; path = Base.lproj/Main.storyboard; sourceTree = "<group>"; };
		F0C7C6FA1BFA3CDD009B582E /* MainTableViewCell.h */ = {isa = PBXFileReference; fileEncoding = 4; lastKnownFileType = sourcecode.c.h; path = MainTableViewCell.h; sourceTree = "<group>"; };
		F0C7C6FB1BFA3CDD009B582E /* MainTableViewCell.m */ = {isa = PBXFileReference; fileEncoding = 4; lastKnownFileType = sourcecode.c.objc; path = MainTableViewCell.m; sourceTree = "<group>"; };
		F0C7C6FC1BFA3CDD009B582E /* MainTableViewCell.xib */ = {isa = PBXFileReference; fileEncoding = 4; lastKnownFileType = file.xib; path = MainTableViewCell.xib; sourceTree = "<group>"; };
/* End PBXFileReference section */

/* Begin PBXFrameworksBuildPhase section */
		F0C7C6B61BFA1EBE009B582E /* Frameworks */ = {
			isa = PBXFrameworksBuildPhase;
			buildActionMask = 2147483647;
			files = (
			);
			runOnlyForDeploymentPostprocessing = 0;
		};
		F0C7C6CF1BFA1EBE009B582E /* Frameworks */ = {
			isa = PBXFrameworksBuildPhase;
			buildActionMask = 2147483647;
			files = (
			);
			runOnlyForDeploymentPostprocessing = 0;
		};
		F0C7C6DA1BFA1EBF009B582E /* Frameworks */ = {
			isa = PBXFrameworksBuildPhase;
			buildActionMask = 2147483647;
			files = (
			);
			runOnlyForDeploymentPostprocessing = 0;
		};
/* End PBXFrameworksBuildPhase section */

/* Begin PBXGroup section */
		F0C7C6B01BFA1EBE009B582E = {
			isa = PBXGroup;
			children = (
				F0C7C6BB1BFA1EBE009B582E /* UICollectionTags */,
				F0C7C6D51BFA1EBE009B582E /* UICollectionTagsTests */,
				F0C7C6E01BFA1EBF009B582E /* UICollectionTagsUITests */,
				F0C7C6BA1BFA1EBE009B582E /* Products */,
			);
			sourceTree = "<group>";
		};
		F0C7C6BA1BFA1EBE009B582E /* Products */ = {
			isa = PBXGroup;
			children = (
				F0C7C6B91BFA1EBE009B582E /* UICollectionTags.app */,
				F0C7C6D21BFA1EBE009B582E /* UICollectionTagsTests.xctest */,
				F0C7C6DD1BFA1EBF009B582E /* UICollectionTagsUITests.xctest */,
			);
			name = Products;
			sourceTree = "<group>";
		};
		F0C7C6BB1BFA1EBE009B582E /* UICollectionTags */ = {
			isa = PBXGroup;
			children = (
				F0C7C6BF1BFA1EBE009B582E /* AppDelegate.h */,
				F0C7C6C01BFA1EBE009B582E /* AppDelegate.m */,
				F0C7C6EF1BFA1EEB009B582E /* MainTableViewController.h */,
				F0C7C6F01BFA1EEB009B582E /* MainTableViewController.m */,
				F0C7C6FA1BFA3CDD009B582E /* MainTableViewCell.h */,
				F0C7C6FB1BFA3CDD009B582E /* MainTableViewCell.m */,
				F0C7C6FC1BFA3CDD009B582E /* MainTableViewCell.xib */,
				F0B5746F1BFB6BE50073C5F8 /* MainCollectionViewCell.h */,
				F0B574701BFB6BE50073C5F8 /* MainCollectionViewCell.m */,
				F0B574711BFB6BE50073C5F8 /* MainCollectionViewCell.xib */,
				F0C7C6C81BFA1EBE009B582E /* Assets.xcassets */,
				F0C7C6F71BFA3C65009B582E /* Main.storyboard */,
				F0C7C6CA1BFA1EBE009B582E /* LaunchScreen.storyboard */,
				F0C7C6CD1BFA1EBE009B582E /* Info.plist */,
				F0C7C6BC1BFA1EBE009B582E /* Supporting Files */,
			);
			path = UICollectionTags;
			sourceTree = "<group>";
		};
		F0C7C6BC1BFA1EBE009B582E /* Supporting Files */ = {
			isa = PBXGroup;
			children = (
				F0C7C6BD1BFA1EBE009B582E /* main.m */,
			);
			name = "Supporting Files";
			sourceTree = "<group>";
		};
		F0C7C6D51BFA1EBE009B582E /* UICollectionTagsTests */ = {
			isa = PBXGroup;
			children = (
				F0C7C6D61BFA1EBE009B582E /* UICollectionTagsTests.m */,
				F0C7C6D81BFA1EBE009B582E /* Info.plist */,
			);
			path = UICollectionTagsTests;
			sourceTree = "<group>";
		};
		F0C7C6E01BFA1EBF009B582E /* UICollectionTagsUITests */ = {
			isa = PBXGroup;
			children = (
				F0C7C6E11BFA1EBF009B582E /* UICollectionTagsUITests.m */,
				F0C7C6E31BFA1EBF009B582E /* Info.plist */,
			);
			path = UICollectionTagsUITests;
			sourceTree = "<group>";
		};
/* End PBXGroup section */

/* Begin PBXNativeTarget section */
		F0C7C6B81BFA1EBE009B582E /* UICollectionTags */ = {
			isa = PBXNativeTarget;
			buildConfigurationList = F0C7C6E61BFA1EBF009B582E /* Build configuration list for PBXNativeTarget "UICollectionTags" */;
			buildPhases = (
				F0C7C6B51BFA1EBE009B582E /* Sources */,
				F0C7C6B61BFA1EBE009B582E /* Frameworks */,
				F0C7C6B71BFA1EBE009B582E /* Resources */,
			);
			buildRules = (
			);
			dependencies = (
			);
			name = UICollectionTags;
			productName = UICollectionTags;
			productReference = F0C7C6B91BFA1EBE009B582E /* UICollectionTags.app */;
			productType = "com.apple.product-type.application";
		};
		F0C7C6D11BFA1EBE009B582E /* UICollectionTagsTests */ = {
			isa = PBXNativeTarget;
			buildConfigurationList = F0C7C6E91BFA1EBF009B582E /* Build configuration list for PBXNativeTarget "UICollectionTagsTests" */;
			buildPhases = (
				F0C7C6CE1BFA1EBE009B582E /* Sources */,
				F0C7C6CF1BFA1EBE009B582E /* Frameworks */,
				F0C7C6D01BFA1EBE009B582E /* Resources */,
			);
			buildRules = (
			);
			dependencies = (
				F0C7C6D41BFA1EBE009B582E /* PBXTargetDependency */,
			);
			name = UICollectionTagsTests;
			productName = UICollectionTagsTests;
			productReference = F0C7C6D21BFA1EBE009B582E /* UICollectionTagsTests.xctest */;
			productType = "com.apple.product-type.bundle.unit-test";
		};
		F0C7C6DC1BFA1EBF009B582E /* UICollectionTagsUITests */ = {
			isa = PBXNativeTarget;
			buildConfigurationList = F0C7C6EC1BFA1EBF009B582E /* Build configuration list for PBXNativeTarget "UICollectionTagsUITests" */;
			buildPhases = (
				F0C7C6D91BFA1EBF009B582E /* Sources */,
				F0C7C6DA1BFA1EBF009B582E /* Frameworks */,
				F0C7C6DB1BFA1EBF009B582E /* Resources */,
			);
			buildRules = (
			);
			dependencies = (
				F0C7C6DF1BFA1EBF009B582E /* PBXTargetDependency */,
			);
			name = UICollectionTagsUITests;
			productName = UICollectionTagsUITests;
			productReference = F0C7C6DD1BFA1EBF009B582E /* UICollectionTagsUITests.xctest */;
			productType = "com.apple.product-type.bundle.ui-testing";
		};
/* End PBXNativeTarget section */

/* Begin PBXProject section */
		F0C7C6B11BFA1EBE009B582E /* Project object */ = {
			isa = PBXProject;
			attributes = {
				LastUpgradeCheck = 0710;
				ORGANIZATIONNAME = "Neylor Bagagi";
				TargetAttributes = {
					F0C7C6B81BFA1EBE009B582E = {
						CreatedOnToolsVersion = 7.1.1;
						DevelopmentTeam = S3975P6M98;
					};
					F0C7C6D11BFA1EBE009B582E = {
						CreatedOnToolsVersion = 7.1.1;
						TestTargetID = F0C7C6B81BFA1EBE009B582E;
					};
					F0C7C6DC1BFA1EBF009B582E = {
						CreatedOnToolsVersion = 7.1.1;
						TestTargetID = F0C7C6B81BFA1EBE009B582E;
					};
				};
			};
			buildConfigurationList = F0C7C6B41BFA1EBE009B582E /* Build configuration list for PBXProject "UICollectionTags" */;
			compatibilityVersion = "Xcode 3.2";
			developmentRegion = English;
			hasScannedForEncodings = 0;
			knownRegions = (
				en,
				Base,
			);
			mainGroup = F0C7C6B01BFA1EBE009B582E;
			productRefGroup = F0C7C6BA1BFA1EBE009B582E /* Products */;
			projectDirPath = "";
			projectRoot = "";
			targets = (
				F0C7C6B81BFA1EBE009B582E /* UICollectionTags */,
				F0C7C6D11BFA1EBE009B582E /* UICollectionTagsTests */,
				F0C7C6DC1BFA1EBF009B582E /* UICollectionTagsUITests */,
			);
		};
/* End PBXProject section */

/* Begin PBXResourcesBuildPhase section */
		F0C7C6B71BFA1EBE009B582E /* Resources */ = {
			isa = PBXResourcesBuildPhase;
			buildActionMask = 2147483647;
			files = (
				F0C7C6F91BFA3C65009B582E /* Main.storyboard in Resources */,
				F0C7C6CC1BFA1EBE009B582E /* LaunchScreen.storyboard in Resources */,
				F0C7C6FE1BFA3CDD009B582E /* MainTableViewCell.xib in Resources */,
				F0B574731BFB6BE50073C5F8 /* MainCollectionViewCell.xib in Resources */,
				F0C7C6C91BFA1EBE009B582E /* Assets.xcassets in Resources */,
			);
			runOnlyForDeploymentPostprocessing = 0;
		};
		F0C7C6D01BFA1EBE009B582E /* Resources */ = {
			isa = PBXResourcesBuildPhase;
			buildActionMask = 2147483647;
			files = (
			);
			runOnlyForDeploymentPostprocessing = 0;
		};
		F0C7C6DB1BFA1EBF009B582E /* Resources */ = {
			isa = PBXResourcesBuildPhase;
			buildActionMask = 2147483647;
			files = (
			);
			runOnlyForDeploymentPostprocessing = 0;
		};
/* End PBXResourcesBuildPhase section */

/* Begin PBXSourcesBuildPhase section */
		F0C7C6B51BFA1EBE009B582E /* Sources */ = {
			isa = PBXSourcesBuildPhase;
			buildActionMask = 2147483647;
			files = (
				F0C7C6C11BFA1EBE009B582E /* AppDelegate.m in Sources */,
				F0C7C6BE1BFA1EBE009B582E /* main.m in Sources */,
				F0B574721BFB6BE50073C5F8 /* MainCollectionViewCell.m in Sources */,
				F0C7C6FD1BFA3CDD009B582E /* MainTableViewCell.m in Sources */,
				F0C7C6F11BFA1EEB009B582E /* MainTableViewController.m in Sources */,
			);
			runOnlyForDeploymentPostprocessing = 0;
		};
		F0C7C6CE1BFA1EBE009B582E /* Sources */ = {
			isa = PBXSourcesBuildPhase;
			buildActionMask = 2147483647;
			files = (
				F0C7C6D71BFA1EBE009B582E /* UICollectionTagsTests.m in Sources */,
			);
			runOnlyForDeploymentPostprocessing = 0;
		};
		F0C7C6D91BFA1EBF009B582E /* Sources */ = {
			isa = PBXSourcesBuildPhase;
			buildActionMask = 2147483647;
			files = (
				F0C7C6E21BFA1EBF009B582E /* UICollectionTagsUITests.m in Sources */,
			);
			runOnlyForDeploymentPostprocessing = 0;
		};
/* End PBXSourcesBuildPhase section */

/* Begin PBXTargetDependency section */
		F0C7C6D41BFA1EBE009B582E /* PBXTargetDependency */ = {
			isa = PBXTargetDependency;
			target = F0C7C6B81BFA1EBE009B582E /* UICollectionTags */;
			targetProxy = F0C7C6D31BFA1EBE009B582E /* PBXContainerItemProxy */;
		};
		F0C7C6DF1BFA1EBF009B582E /* PBXTargetDependency */ = {
			isa = PBXTargetDependency;
			target = F0C7C6B81BFA1EBE009B582E /* UICollectionTags */;
			targetProxy = F0C7C6DE1BFA1EBF009B582E /* PBXContainerItemProxy */;
		};
/* End PBXTargetDependency section */

/* Begin PBXVariantGroup section */
		F0C7C6CA1BFA1EBE009B582E /* LaunchScreen.storyboard */ = {
			isa = PBXVariantGroup;
			children = (
				F0C7C6CB1BFA1EBE009B582E /* Base */,
			);
			name = LaunchScreen.storyboard;
			sourceTree = "<group>";
		};
		F0C7C6F71BFA3C65009B582E /* Main.storyboard */ = {
			isa = PBXVariantGroup;
			children = (
				F0C7C6F81BFA3C65009B582E /* Base */,
			);
			name = Main.storyboard;
			sourceTree = "<group>";
		};
/* End PBXVariantGroup section */

/* Begin XCBuildConfiguration section */
		F0C7C6E41BFA1EBF009B582E /* Debug */ = {
			isa = XCBuildConfiguration;
			buildSettings = {
				ALWAYS_SEARCH_USER_PATHS = NO;
				CLANG_CXX_LANGUAGE_STANDARD = "gnu++0x";
				CLANG_CXX_LIBRARY = "libc++";
				CLANG_ENABLE_MODULES = YES;
				CLANG_ENABLE_OBJC_ARC = YES;
				CLANG_WARN_BOOL_CONVERSION = YES;
				CLANG_WARN_CONSTANT_CONVERSION = YES;
				CLANG_WARN_DIRECT_OBJC_ISA_USAGE = YES_ERROR;
				CLANG_WARN_EMPTY_BODY = YES;
				CLANG_WARN_ENUM_CONVERSION = YES;
				CLANG_WARN_INT_CONVERSION = YES;
				CLANG_WARN_OBJC_ROOT_CLASS = YES_ERROR;
				CLANG_WARN_UNREACHABLE_CODE = YES;
				CLANG_WARN__DUPLICATE_METHOD_MATCH = YES;
				"CODE_SIGN_IDENTITY[sdk=iphoneos*]" = "iPhone Developer";
				COPY_PHASE_STRIP = NO;
				DEBUG_INFORMATION_FORMAT = dwarf;
				ENABLE_STRICT_OBJC_MSGSEND = YES;
				ENABLE_TESTABILITY = YES;
				GCC_C_LANGUAGE_STANDARD = gnu99;
				GCC_DYNAMIC_NO_PIC = NO;
				GCC_NO_COMMON_BLOCKS = YES;
				GCC_OPTIMIZATION_LEVEL = 0;
				GCC_PREPROCESSOR_DEFINITIONS = (
					"DEBUG=1",
					"$(inherited)",
				);
				GCC_WARN_64_TO_32_BIT_CONVERSION = YES;
				GCC_WARN_ABOUT_RETURN_TYPE = YES_ERROR;
				GCC_WARN_UNDECLARED_SELECTOR = YES;
				GCC_WARN_UNINITIALIZED_AUTOS = YES_AGGRESSIVE;
				GCC_WARN_UNUSED_FUNCTION = YES;
				GCC_WARN_UNUSED_VARIABLE = YES;
				IPHONEOS_DEPLOYMENT_TARGET = 9.1;
				MTL_ENABLE_DEBUG_INFO = YES;
				ONLY_ACTIVE_ARCH = YES;
				SDKROOT = iphoneos;
				TARGETED_DEVICE_FAMILY = "1,2";
			};
			name = Debug;
		};
		F0C7C6E51BFA1EBF009B582E /* Release */ = {
			isa = XCBuildConfiguration;
			buildSettings = {
				ALWAYS_SEARCH_USER_PATHS = NO;
				CLANG_CXX_LANGUAGE_STANDARD = "gnu++0x";
				CLANG_CXX_LIBRARY = "libc++";
				CLANG_ENABLE_MODULES = YES;
				CLANG_ENABLE_OBJC_ARC = YES;
				CLANG_WARN_BOOL_CONVERSION = YES;
				CLANG_WARN_CONSTANT_CONVERSION = YES;
				CLANG_WARN_DIRECT_OBJC_ISA_USAGE = YES_ERROR;
				CLANG_WARN_EMPTY_BODY = YES;
				CLANG_WARN_ENUM_CONVERSION = YES;
				CLANG_WARN_INT_CONVERSION = YES;
				CLANG_WARN_OBJC_ROOT_CLASS = YES_ERROR;
				CLANG_WARN_UNREACHABLE_CODE = YES;
				CLANG_WARN__DUPLICATE_METHOD_MATCH = YES;
				"CODE_SIGN_IDENTITY[sdk=iphoneos*]" = "iPhone Developer";
				COPY_PHASE_STRIP = NO;
				DEBUG_INFORMATION_FORMAT = "dwarf-with-dsym";
				ENABLE_NS_ASSERTIONS = NO;
				ENABLE_STRICT_OBJC_MSGSEND = YES;
				GCC_C_LANGUAGE_STANDARD = gnu99;
				GCC_NO_COMMON_BLOCKS = YES;
				GCC_WARN_64_TO_32_BIT_CONVERSION = YES;
				GCC_WARN_ABOUT_RETURN_TYPE = YES_ERROR;
				GCC_WARN_UNDECLARED_SELECTOR = YES;
				GCC_WARN_UNINITIALIZED_AUTOS = YES_AGGRESSIVE;
				GCC_WARN_UNUSED_FUNCTION = YES;
				GCC_WARN_UNUSED_VARIABLE = YES;
				IPHONEOS_DEPLOYMENT_TARGET = 9.1;
				MTL_ENABLE_DEBUG_INFO = NO;
				SDKROOT = iphoneos;
				TARGETED_DEVICE_FAMILY = "1,2";
				VALIDATE_PRODUCT = YES;
			};
			name = Release;
		};
		F0C7C6E71BFA1EBF009B582E /* Debug */ = {
			isa = XCBuildConfiguration;
			buildSettings = {
				ASSETCATALOG_COMPILER_APPICON_NAME = AppIcon;
				CODE_SIGN_IDENTITY = "iPhone Developer";
				INFOPLIST_FILE = UICollectionTags/Info.plist;
				LD_RUNPATH_SEARCH_PATHS = "$(inherited) @executable_path/Frameworks";
				PRODUCT_BUNDLE_IDENTIFIER = com.tiwolf.UICollectionTags;
				PRODUCT_NAME = "$(TARGET_NAME)";
			};
			name = Debug;
		};
		F0C7C6E81BFA1EBF009B582E /* Release */ = {
			isa = XCBuildConfiguration;
			buildSettings = {
				ASSETCATALOG_COMPILER_APPICON_NAME = AppIcon;
				CODE_SIGN_IDENTITY = "iPhone Developer";
				INFOPLIST_FILE = UICollectionTags/Info.plist;
				LD_RUNPATH_SEARCH_PATHS = "$(inherited) @executable_path/Frameworks";
				PRODUCT_BUNDLE_IDENTIFIER = com.tiwolf.UICollectionTags;
				PRODUCT_NAME = "$(TARGET_NAME)";
			};
			name = Release;
		};
		F0C7C6EA1BFA1EBF009B582E /* Debug */ = {
			isa = XCBuildConfiguration;
			buildSettings = {
				BUNDLE_LOADER = "$(TEST_HOST)";
				INFOPLIST_FILE = UICollectionTagsTests/Info.plist;
				LD_RUNPATH_SEARCH_PATHS = "$(inherited) @executable_path/Frameworks @loader_path/Frameworks";
				PRODUCT_BUNDLE_IDENTIFIER = com.tiwolf.UICollectionTagsTests;
				PRODUCT_NAME = "$(TARGET_NAME)";
				TEST_HOST = "$(BUILT_PRODUCTS_DIR)/UICollectionTags.app/UICollectionTags";
			};
			name = Debug;
		};
		F0C7C6EB1BFA1EBF009B582E /* Release */ = {
			isa = XCBuildConfiguration;
			buildSettings = {
				BUNDLE_LOADER = "$(TEST_HOST)";
				INFOPLIST_FILE = UICollectionTagsTests/Info.plist;
				LD_RUNPATH_SEARCH_PATHS = "$(inherited) @executable_path/Frameworks @loader_path/Frameworks";
				PRODUCT_BUNDLE_IDENTIFIER = com.tiwolf.UICollectionTagsTests;
				PRODUCT_NAME = "$(TARGET_NAME)";
				TEST_HOST = "$(BUILT_PRODUCTS_DIR)/UICollectionTags.app/UICollectionTags";
			};
			name = Release;
		};
		F0C7C6ED1BFA1EBF009B582E /* Debug */ = {
			isa = XCBuildConfiguration;
			buildSettings = {
				INFOPLIST_FILE = UICollectionTagsUITests/Info.plist;
				LD_RUNPATH_SEARCH_PATHS = "$(inherited) @executable_path/Frameworks @loader_path/Frameworks";
				PRODUCT_BUNDLE_IDENTIFIER = com.tiwolf.UICollectionTagsUITests;
				PRODUCT_NAME = "$(TARGET_NAME)";
				TEST_TARGET_NAME = UICollectionTags;
				USES_XCTRUNNER = YES;
			};
			name = Debug;
		};
		F0C7C6EE1BFA1EBF009B582E /* Release */ = {
			isa = XCBuildConfiguration;
			buildSettings = {
				INFOPLIST_FILE = UICollectionTagsUITests/Info.plist;
				LD_RUNPATH_SEARCH_PATHS = "$(inherited) @executable_path/Frameworks @loader_path/Frameworks";
				PRODUCT_BUNDLE_IDENTIFIER = com.tiwolf.UICollectionTagsUITests;
				PRODUCT_NAME = "$(TARGET_NAME)";
				TEST_TARGET_NAME = UICollectionTags;
				USES_XCTRUNNER = YES;
			};
			name = Release;
		};
/* End XCBuildConfiguration section */

/* Begin XCConfigurationList section */
		F0C7C6B41BFA1EBE009B582E /* Build configuration list for PBXProject "UICollectionTags" */ = {
			isa = XCConfigurationList;
			buildConfigurations = (
				F0C7C6E41BFA1EBF009B582E /* Debug */,
				F0C7C6E51BFA1EBF009B582E /* Release */,
			);
			defaultConfigurationIsVisible = 0;
			defaultConfigurationName = Release;
		};
		F0C7C6E61BFA1EBF009B582E /* Build configuration list for PBXNativeTarget "UICollectionTags" */ = {
			isa = XCConfigurationList;
			buildConfigurations = (
				F0C7C6E71BFA1EBF009B582E /* Debug */,
				F0C7C6E81BFA1EBF009B582E /* Release */,
			);
			defaultConfigurationIsVisible = 0;
			defaultConfigurationName = Release;
		};
		F0C7C6E91BFA1EBF009B582E /* Build configuration list for PBXNativeTarget "UICollectionTagsTests" */ = {
			isa = XCConfigurationList;
			buildConfigurations = (
				F0C7C6EA1BFA1EBF009B582E /* Debug */,
				F0C7C6EB1BFA1EBF009B582E /* Release */,
			);
			defaultConfigurationIsVisible = 0;
			defaultConfigurationName = Release;
		};
		F0C7C6EC1BFA1EBF009B582E /* Build configuration list for PBXNativeTarget "UICollectionTagsUITests" */ = {
			isa = XCConfigurationList;
			buildConfigurations = (
				F0C7C6ED1BFA1EBF009B582E /* Debug */,
				F0C7C6EE1BFA1EBF009B582E /* Release */,
			);
			defaultConfigurationIsVisible = 0;
			defaultConfigurationName = Release;
		};
/* End XCConfigurationList section */
	};
	rootObject = F0C7C6B11BFA1EBE009B582E /* Project object */;
}
